
Microsoft Visual Studio Solution File, Format Version 12.00
# Visual Studio Version 16
VisualStudioVersion = 16.0.31205.134
MinimumVisualStudioVersion = 10.0.40219.1
Project("{FAE04EC0-301F-11D3-BF4B-00C04F79EFBC}") = "Codeacademy C- Variables1", "Codeacademy C- Variables1.csproj", "{2F990CED-DC22-4F1F-A672-30E16383B7A0}"
EndProject
Global
	GlobalSection(SolutionConfigurationPlatforms) = preSolution
		Debug|Any CPU = Debug|Any CPU
		Release|Any CPU = Release|Any CPU
	EndGlobalSection
	GlobalSection(ProjectConfigurationPlatforms) = postSolution
		{2F990CED-DC22-4F1F-A672-30E16383B7A0}.Debug|Any CPU.ActiveCfg = Debug|Any CPU
		{2F990CED-DC22-4F1F-A672-30E16383B7A0}.Debug|Any CPU.Build.0 = Debug|Any CPU
		{2F990CED-DC22-4F1F-A672-30E16383B7A0}.Release|Any CPU.ActiveCfg = Release|Any CPU
		{2F990CED-DC22-4F1F-A672-30E16383B7A0}.Release|Any CPU.Build.0 = Release|Any CPU
	EndGlobalSection
	GlobalSection(SolutionProperties) = preSolution
		HideSolutionNode = FALSE
	EndGlobalSection
	GlobalSection(ExtensibilityGlobals) = postSolution
		SolutionGuid = {744B53BF-91A9-49A6-AFF2-17E68B5AD0FA}
	EndGlobalSection
EndGlobal
